
Microsoft Visual Studio Solution File, Format Version 12.00
# Visual Studio 15
VisualStudioVersion = 15.0.27703.2035
MinimumVisualStudioVersion = 10.0.40219.1
Project("{FAE04EC0-301F-11D3-BF4B-00C04F79EFBC}") = "Practice_9", "Practice_9\Practice_9.csproj", "{A37B8C47-B601-42F7-83D7-E0217A4282FC}"
EndProject
Global
	GlobalSection(SolutionConfigurationPlatforms) = preSolution
		Debug|Any CPU = Debug|Any CPU
		Release|Any CPU = Release|Any CPU
	EndGlobalSection
	GlobalSection(ProjectConfigurationPlatforms) = postSolution
		{A37B8C47-B601-42F7-83D7-E0217A4282FC}.Debug|Any CPU.ActiveCfg = Debug|Any CPU
		{A37B8C47-B601-42F7-83D7-E0217A4282FC}.Debug|Any CPU.Build.0 = Debug|Any CPU
		{A37B8C47-B601-42F7-83D7-E0217A4282FC}.Release|Any CPU.ActiveCfg = Release|Any CPU
		{A37B8C47-B601-42F7-83D7-E0217A4282FC}.Release|Any CPU.Build.0 = Release|Any CPU
	EndGlobalSection
	GlobalSection(SolutionProperties) = preSolution
		HideSolutionNode = FALSE
	EndGlobalSection
	GlobalSection(ExtensibilityGlobals) = postSolution
		SolutionGuid = {42A9890E-422D-47B0-AFA9-230A081DEB04}
	EndGlobalSection
EndGlobal
